// !$*UTF8*$!
{
	archiveVersion = 1;
	classes = {
	};
	objectVersion = 48;
	objects = {

/* Begin PBXBuildFile section */
		5956ADD5AFB49D537C50AD9B /* Pods_yeniUITests.framework in Frameworks */ = {isa = PBXBuildFile; fileRef = 7C847EDC713681729247F6C2 /* Pods_yeniUITests.framework */; };
		9D8F803E2088A60600ADA719 /* TableViewController.swift in Sources */ = {isa = PBXBuildFile; fileRef = 9D8F803D2088A60600ADA719 /* TableViewController.swift */; };
		9D8F80402088AA8500ADA719 /* HeroViewController.swift in Sources */ = {isa = PBXBuildFile; fileRef = 9D8F803F2088AA8500ADA719 /* HeroViewController.swift */; };
		9D8F80422088AB3F00ADA719 /* HeroStats.swift in Sources */ = {isa = PBXBuildFile; fileRef = 9D8F80412088AB3F00ADA719 /* HeroStats.swift */; };
		9D9783FC2083CBDA00D1B212 /* AppDelegate.swift in Sources */ = {isa = PBXBuildFile; fileRef = 9D9783FB2083CBDA00D1B212 /* AppDelegate.swift */; };
		9D9783FE2083CBDA00D1B212 /* ViewController.swift in Sources */ = {isa = PBXBuildFile; fileRef = 9D9783FD2083CBDA00D1B212 /* ViewController.swift */; };
		9D9784012083CBDA00D1B212 /* Main.storyboard in Resources */ = {isa = PBXBuildFile; fileRef = 9D9783FF2083CBDA00D1B212 /* Main.storyboard */; };
		9D9784032083CBDA00D1B212 /* Assets.xcassets in Resources */ = {isa = PBXBuildFile; fileRef = 9D9784022083CBDA00D1B212 /* Assets.xcassets */; };
		9D9784062083CBDA00D1B212 /* LaunchScreen.storyboard in Resources */ = {isa = PBXBuildFile; fileRef = 9D9784042083CBDA00D1B212 /* LaunchScreen.storyboard */; };
		9D9784112083CBDA00D1B212 /* yeniTests.swift in Sources */ = {isa = PBXBuildFile; fileRef = 9D9784102083CBDA00D1B212 /* yeniTests.swift */; };
		9D97841C2083CBDA00D1B212 /* yeniUITests.swift in Sources */ = {isa = PBXBuildFile; fileRef = 9D97841B2083CBDA00D1B212 /* yeniUITests.swift */; };
		9D97842E2083E11500D1B212 /* RegisterVC.swift in Sources */ = {isa = PBXBuildFile; fileRef = 9D97842D2083E11500D1B212 /* RegisterVC.swift */; };
		9D9784302083E14A00D1B212 /* HomeVC.swift in Sources */ = {isa = PBXBuildFile; fileRef = 9D97842F2083E14A00D1B212 /* HomeVC.swift */; };
		9D9784322085DA9C00D1B212 /* mainbg.jpg in Resources */ = {isa = PBXBuildFile; fileRef = 9D9784312085DA9C00D1B212 /* mainbg.jpg */; };
		9D9784342085E47D00D1B212 /* LoginVC.swift in Sources */ = {isa = PBXBuildFile; fileRef = 9D9784332085E47D00D1B212 /* LoginVC.swift */; };
		9DCDB75420875D3A007D8DD4 /* CustomCollectionViewCell.swift in Sources */ = {isa = PBXBuildFile; fileRef = 9DCDB75320875D3A007D8DD4 /* CustomCollectionViewCell.swift */; };
		AC27BF03E301C4618681F618 /* Pods_yeniTests.framework in Frameworks */ = {isa = PBXBuildFile; fileRef = 62F0D282003474491387172D /* Pods_yeniTests.framework */; };
		FC3D5CE72681BFBF3B2EBFB6 /* Pods_yeni.framework in Frameworks */ = {isa = PBXBuildFile; fileRef = 342BDC70367846D47472F0E9 /* Pods_yeni.framework */; };
/* End PBXBuildFile section */

/* Begin PBXContainerItemProxy section */
		9D97840D2083CBDA00D1B212 /* PBXContainerItemProxy */ = {
			isa = PBXContainerItemProxy;
			containerPortal = 9D9783F02083CBDA00D1B212 /* Project object */;
			proxyType = 1;
			remoteGlobalIDString = 9D9783F72083CBDA00D1B212;
			remoteInfo = yeni;
		};
		9D9784182083CBDA00D1B212 /* PBXContainerItemProxy */ = {
			isa = PBXContainerItemProxy;
			containerPortal = 9D9783F02083CBDA00D1B212 /* Project object */;
			proxyType = 1;
			remoteGlobalIDString = 9D9783F72083CBDA00D1B212;
			remoteInfo = yeni;
		};
/* End PBXContainerItemProxy section */

/* Begin PBXFileReference section */
		02D7EACBA5C5F9A3E0949900 /* Pods-yeniTests.release.xcconfig */ = {isa = PBXFileReference; includeInIndex = 1; lastKnownFileType = text.xcconfig; name = "Pods-yeniTests.release.xcconfig"; path = "Pods/Target Support Files/Pods-yeniTests/Pods-yeniTests.release.xcconfig"; sourceTree = "<group>"; };
		1C7CCD8A8810999FBA64C7D7 /* Pods-yeniUITests.debug.xcconfig */ = {isa = PBXFileReference; includeInIndex = 1; lastKnownFileType = text.xcconfig; name = "Pods-yeniUITests.debug.xcconfig"; path = "Pods/Target Support Files/Pods-yeniUITests/Pods-yeniUITests.debug.xcconfig"; sourceTree = "<group>"; };
		342BDC70367846D47472F0E9 /* Pods_yeni.framework */ = {isa = PBXFileReference; explicitFileType = wrapper.framework; includeInIndex = 0; path = Pods_yeni.framework; sourceTree = BUILT_PRODUCTS_DIR; };
		62F0D282003474491387172D /* Pods_yeniTests.framework */ = {isa = PBXFileReference; explicitFileType = wrapper.framework; includeInIndex = 0; path = Pods_yeniTests.framework; sourceTree = BUILT_PRODUCTS_DIR; };
		7C847EDC713681729247F6C2 /* Pods_yeniUITests.framework */ = {isa = PBXFileReference; explicitFileType = wrapper.framework; includeInIndex = 0; path = Pods_yeniUITests.framework; sourceTree = BUILT_PRODUCTS_DIR; };
		8C7EAB1B99F6A59D85A6D64A /* Pods-yeni.debug.xcconfig */ = {isa = PBXFileReference; includeInIndex = 1; lastKnownFileType = text.xcconfig; name = "Pods-yeni.debug.xcconfig"; path = "Pods/Target Support Files/Pods-yeni/Pods-yeni.debug.xcconfig"; sourceTree = "<group>"; };
		925DF2BB1B13606D9E82DDA9 /* Pods-yeniUITests.release.xcconfig */ = {isa = PBXFileReference; includeInIndex = 1; lastKnownFileType = text.xcconfig; name = "Pods-yeniUITests.release.xcconfig"; path = "Pods/Target Support Files/Pods-yeniUITests/Pods-yeniUITests.release.xcconfig"; sourceTree = "<group>"; };
		9D8F803D2088A60600ADA719 /* TableViewController.swift */ = {isa = PBXFileReference; lastKnownFileType = sourcecode.swift; path = TableViewController.swift; sourceTree = "<group>"; };
		9D8F803F2088AA8500ADA719 /* HeroViewController.swift */ = {isa = PBXFileReference; lastKnownFileType = sourcecode.swift; name = HeroViewController.swift; path = /Applications/AMPPS/www/yeni/yeni/HeroViewController.swift; sourceTree = "<absolute>"; };
		9D8F80412088AB3F00ADA719 /* HeroStats.swift */ = {isa = PBXFileReference; lastKnownFileType = sourcecode.swift; path = HeroStats.swift; sourceTree = "<group>"; };
		9D9783F82083CBDA00D1B212 /* yeni.app */ = {isa = PBXFileReference; explicitFileType = wrapper.application; includeInIndex = 0; path = yeni.app; sourceTree = BUILT_PRODUCTS_DIR; };
		9D9783FB2083CBDA00D1B212 /* AppDelegate.swift */ = {isa = PBXFileReference; lastKnownFileType = sourcecode.swift; path = AppDelegate.swift; sourceTree = "<group>"; };
		9D9783FD2083CBDA00D1B212 /* ViewController.swift */ = {isa = PBXFileReference; lastKnownFileType = sourcecode.swift; path = ViewController.swift; sourceTree = "<group>"; };
		9D9784002083CBDA00D1B212 /* Base */ = {isa = PBXFileReference; lastKnownFileType = file.storyboard; name = Base; path = Base.lproj/Main.storyboard; sourceTree = "<group>"; };
		9D9784022083CBDA00D1B212 /* Assets.xcassets */ = {isa = PBXFileReference; lastKnownFileType = folder.assetcatalog; path = Assets.xcassets; sourceTree = "<group>"; };
		9D9784052083CBDA00D1B212 /* Base */ = {isa = PBXFileReference; lastKnownFileType = file.storyboard; name = Base; path = Base.lproj/LaunchScreen.storyboard; sourceTree = "<group>"; };
		9D9784072083CBDA00D1B212 /* Info.plist */ = {isa = PBXFileReference; lastKnownFileType = text.plist.xml; path = Info.plist; sourceTree = "<group>"; };
		9D97840C2083CBDA00D1B212 /* yeniTests.xctest */ = {isa = PBXFileReference; explicitFileType = wrapper.cfbundle; includeInIndex = 0; path = yeniTests.xctest; sourceTree = BUILT_PRODUCTS_DIR; };
		9D9784102083CBDA00D1B212 /* yeniTests.swift */ = {isa = PBXFileReference; lastKnownFileType = sourcecode.swift; path = yeniTests.swift; sourceTree = "<group>"; };
		9D9784122083CBDA00D1B212 /* Info.plist */ = {isa = PBXFileReference; lastKnownFileType = text.plist.xml; path = Info.plist; sourceTree = "<group>"; };
		9D9784172083CBDA00D1B212 /* yeniUITests.xctest */ = {isa = PBXFileReference; explicitFileType = wrapper.cfbundle; includeInIndex = 0; path = yeniUITests.xctest; sourceTree = BUILT_PRODUCTS_DIR; };
		9D97841B2083CBDA00D1B212 /* yeniUITests.swift */ = {isa = PBXFileReference; lastKnownFileType = sourcecode.swift; path = yeniUITests.swift; sourceTree = "<group>"; };
		9D97841D2083CBDA00D1B212 /* Info.plist */ = {isa = PBXFileReference; lastKnownFileType = text.plist.xml; path = Info.plist; sourceTree = "<group>"; };
		9D97842D2083E11500D1B212 /* RegisterVC.swift */ = {isa = PBXFileReference; lastKnownFileType = sourcecode.swift; path = RegisterVC.swift; sourceTree = "<group>"; };
		9D97842F2083E14A00D1B212 /* HomeVC.swift */ = {isa = PBXFileReference; lastKnownFileType = sourcecode.swift; path = HomeVC.swift; sourceTree = "<group>"; };
		9D9784312085DA9C00D1B212 /* mainbg.jpg */ = {isa = PBXFileReference; lastKnownFileType = image.jpeg; path = mainbg.jpg; sourceTree = "<group>"; };
		9D9784332085E47D00D1B212 /* LoginVC.swift */ = {isa = PBXFileReference; lastKnownFileType = sourcecode.swift; path = LoginVC.swift; sourceTree = "<group>"; };
		9DCDB75320875D3A007D8DD4 /* CustomCollectionViewCell.swift */ = {isa = PBXFileReference; lastKnownFileType = sourcecode.swift; path = CustomCollectionViewCell.swift; sourceTree = "<group>"; };
		BC659345F38DE4676707E2E8 /* Pods-yeniTests.debug.xcconfig */ = {isa = PBXFileReference; includeInIndex = 1; lastKnownFileType = text.xcconfig; name = "Pods-yeniTests.debug.xcconfig"; path = "Pods/Target Support Files/Pods-yeniTests/Pods-yeniTests.debug.xcconfig"; sourceTree = "<group>"; };
		E6EB484AC05BFCE15297741E /* Pods-yeni.release.xcconfig */ = {isa = PBXFileReference; includeInIndex = 1; lastKnownFileType = text.xcconfig; name = "Pods-yeni.release.xcconfig"; path = "Pods/Target Support Files/Pods-yeni/Pods-yeni.release.xcconfig"; sourceTree = "<group>"; };
/* End PBXFileReference section */

/* Begin PBXFrameworksBuildPhase section */
		9D9783F52083CBDA00D1B212 /* Frameworks */ = {
			isa = PBXFrameworksBuildPhase;
			buildActionMask = 2147483647;
			files = (
				FC3D5CE72681BFBF3B2EBFB6 /* Pods_yeni.framework in Frameworks */,
			);
			runOnlyForDeploymentPostprocessing = 0;
		};
		9D9784092083CBDA00D1B212 /* Frameworks */ = {
			isa = PBXFrameworksBuildPhase;
			buildActionMask = 2147483647;
			files = (
				AC27BF03E301C4618681F618 /* Pods_yeniTests.framework in Frameworks */,
			);
			runOnlyForDeploymentPostprocessing = 0;
		};
		9D9784142083CBDA00D1B212 /* Frameworks */ = {
			isa = PBXFrameworksBuildPhase;
			buildActionMask = 2147483647;
			files = (
				5956ADD5AFB49D537C50AD9B /* Pods_yeniUITests.framework in Frameworks */,
			);
			runOnlyForDeploymentPostprocessing = 0;
		};
/* End PBXFrameworksBuildPhase section */

/* Begin PBXGroup section */
		04100F151ECCC9409A4EA911 /* Pods */ = {
			isa = PBXGroup;
			children = (
				8C7EAB1B99F6A59D85A6D64A /* Pods-yeni.debug.xcconfig */,
				E6EB484AC05BFCE15297741E /* Pods-yeni.release.xcconfig */,
				BC659345F38DE4676707E2E8 /* Pods-yeniTests.debug.xcconfig */,
				02D7EACBA5C5F9A3E0949900 /* Pods-yeniTests.release.xcconfig */,
				1C7CCD8A8810999FBA64C7D7 /* Pods-yeniUITests.debug.xcconfig */,
				925DF2BB1B13606D9E82DDA9 /* Pods-yeniUITests.release.xcconfig */,
			);
			name = Pods;
			sourceTree = "<group>";
		};
		42C00C813F82DCF863371E0D /* Frameworks */ = {
			isa = PBXGroup;
			children = (
				342BDC70367846D47472F0E9 /* Pods_yeni.framework */,
				62F0D282003474491387172D /* Pods_yeniTests.framework */,
				7C847EDC713681729247F6C2 /* Pods_yeniUITests.framework */,
			);
			name = Frameworks;
			sourceTree = "<group>";
		};
		9D9783EF2083CBDA00D1B212 = {
			isa = PBXGroup;
			children = (
				9D9783FA2083CBDA00D1B212 /* yeni */,
				9D97840F2083CBDA00D1B212 /* yeniTests */,
				9D97841A2083CBDA00D1B212 /* yeniUITests */,
				9D9783F92083CBDA00D1B212 /* Products */,
				04100F151ECCC9409A4EA911 /* Pods */,
				42C00C813F82DCF863371E0D /* Frameworks */,
			);
			sourceTree = "<group>";
		};
		9D9783F92083CBDA00D1B212 /* Products */ = {
			isa = PBXGroup;
			children = (
				9D9783F82083CBDA00D1B212 /* yeni.app */,
				9D97840C2083CBDA00D1B212 /* yeniTests.xctest */,
				9D9784172083CBDA00D1B212 /* yeniUITests.xctest */,
			);
			name = Products;
			sourceTree = "<group>";
		};
		9D9783FA2083CBDA00D1B212 /* yeni */ = {
			isa = PBXGroup;
			children = (
				9D9783FB2083CBDA00D1B212 /* AppDelegate.swift */,
				9D9783FD2083CBDA00D1B212 /* ViewController.swift */,
				9D8F803F2088AA8500ADA719 /* HeroViewController.swift */,
				9D97842F2083E14A00D1B212 /* HomeVC.swift */,
				9DCDB75320875D3A007D8DD4 /* CustomCollectionViewCell.swift */,
				9D9783FF2083CBDA00D1B212 /* Main.storyboard */,
				9D8F803D2088A60600ADA719 /* TableViewController.swift */,
				9D8F80412088AB3F00ADA719 /* HeroStats.swift */,
				9D97842D2083E11500D1B212 /* RegisterVC.swift */,
				9D9784332085E47D00D1B212 /* LoginVC.swift */,
				9D9784312085DA9C00D1B212 /* mainbg.jpg */,
				9D9784022083CBDA00D1B212 /* Assets.xcassets */,
				9D9784042083CBDA00D1B212 /* LaunchScreen.storyboard */,
				9D9784072083CBDA00D1B212 /* Info.plist */,
			);
			path = yeni;
			sourceTree = "<group>";
		};
		9D97840F2083CBDA00D1B212 /* yeniTests */ = {
			isa = PBXGroup;
			children = (
				9D9784102083CBDA00D1B212 /* yeniTests.swift */,
				9D9784122083CBDA00D1B212 /* Info.plist */,
			);
			path = yeniTests;
			sourceTree = "<group>";
		};
		9D97841A2083CBDA00D1B212 /* yeniUITests */ = {
			isa = PBXGroup;
			children = (
				9D97841B2083CBDA00D1B212 /* yeniUITests.swift */,
				9D97841D2083CBDA00D1B212 /* Info.plist */,
			);
			path = yeniUITests;
			sourceTree = "<group>";
		};
/* End PBXGroup section */

/* Begin PBXNativeTarget section */
		9D9783F72083CBDA00D1B212 /* yeni */ = {
			isa = PBXNativeTarget;
			buildConfigurationList = 9D9784202083CBDA00D1B212 /* Build configuration list for PBXNativeTarget "yeni" */;
			buildPhases = (
				5BC0B5A4F87F92E1AF20E69C /* [CP] Check Pods Manifest.lock */,
				9D9783F42083CBDA00D1B212 /* Sources */,
				9D9783F52083CBDA00D1B212 /* Frameworks */,
				9D9783F62083CBDA00D1B212 /* Resources */,
				893C242C0F0895A5BC98607B /* [CP] Embed Pods Frameworks */,
				0A47E45724D5E069B443B5D2 /* [CP] Copy Pods Resources */,
			);
			buildRules = (
			);
			dependencies = (
			);
			name = yeni;
			productName = yeni;
			productReference = 9D9783F82083CBDA00D1B212 /* yeni.app */;
			productType = "com.apple.product-type.application";
		};
		9D97840B2083CBDA00D1B212 /* yeniTests */ = {
			isa = PBXNativeTarget;
			buildConfigurationList = 9D9784232083CBDA00D1B212 /* Build configuration list for PBXNativeTarget "yeniTests" */;
			buildPhases = (
				A192E141DE74AF7EA6FCFAC3 /* [CP] Check Pods Manifest.lock */,
				9D9784082083CBDA00D1B212 /* Sources */,
				9D9784092083CBDA00D1B212 /* Frameworks */,
				9D97840A2083CBDA00D1B212 /* Resources */,
				31638FDC69B75691C66B4D2B /* [CP] Embed Pods Frameworks */,
				555299E08CAFFBD8217DD4EC /* [CP] Copy Pods Resources */,
			);
			buildRules = (
			);
			dependencies = (
				9D97840E2083CBDA00D1B212 /* PBXTargetDependency */,
			);
			name = yeniTests;
			productName = yeniTests;
			productReference = 9D97840C2083CBDA00D1B212 /* yeniTests.xctest */;
			productType = "com.apple.product-type.bundle.unit-test";
		};
		9D9784162083CBDA00D1B212 /* yeniUITests */ = {
			isa = PBXNativeTarget;
			buildConfigurationList = 9D9784262083CBDA00D1B212 /* Build configuration list for PBXNativeTarget "yeniUITests" */;
			buildPhases = (
				F715FD34CC4D1A5740177340 /* [CP] Check Pods Manifest.lock */,
				9D9784132083CBDA00D1B212 /* Sources */,
				9D9784142083CBDA00D1B212 /* Frameworks */,
				9D9784152083CBDA00D1B212 /* Resources */,
				531FE018736C1D5731314AE5 /* [CP] Embed Pods Frameworks */,
				AA9CA828D996AA612E2EDDA7 /* [CP] Copy Pods Resources */,
			);
			buildRules = (
			);
			dependencies = (
				9D9784192083CBDA00D1B212 /* PBXTargetDependency */,
			);
			name = yeniUITests;
			productName = yeniUITests;
			productReference = 9D9784172083CBDA00D1B212 /* yeniUITests.xctest */;
			productType = "com.apple.product-type.bundle.ui-testing";
		};
/* End PBXNativeTarget section */

/* Begin PBXProject section */
		9D9783F02083CBDA00D1B212 /* Project object */ = {
			isa = PBXProject;
			attributes = {
				LastSwiftUpdateCheck = 0920;
				LastUpgradeCheck = 0920;
				ORGANIZATIONNAME = "hatice kübra kılınç";
				TargetAttributes = {
					9D9783F72083CBDA00D1B212 = {
						CreatedOnToolsVersion = 9.2;
						ProvisioningStyle = Automatic;
					};
					9D97840B2083CBDA00D1B212 = {
						CreatedOnToolsVersion = 9.2;
						ProvisioningStyle = Automatic;
						TestTargetID = 9D9783F72083CBDA00D1B212;
					};
					9D9784162083CBDA00D1B212 = {
						CreatedOnToolsVersion = 9.2;
						ProvisioningStyle = Automatic;
						TestTargetID = 9D9783F72083CBDA00D1B212;
					};
				};
			};
			buildConfigurationList = 9D9783F32083CBDA00D1B212 /* Build configuration list for PBXProject "yeni" */;
			compatibilityVersion = "Xcode 8.0";
			developmentRegion = en;
			hasScannedForEncodings = 0;
			knownRegions = (
				en,
				Base,
			);
			mainGroup = 9D9783EF2083CBDA00D1B212;
			productRefGroup = 9D9783F92083CBDA00D1B212 /* Products */;
			projectDirPath = "";
			projectRoot = "";
			targets = (
				9D9783F72083CBDA00D1B212 /* yeni */,
				9D97840B2083CBDA00D1B212 /* yeniTests */,
				9D9784162083CBDA00D1B212 /* yeniUITests */,
			);
		};
/* End PBXProject section */

/* Begin PBXResourcesBuildPhase section */
		9D9783F62083CBDA00D1B212 /* Resources */ = {
			isa = PBXResourcesBuildPhase;
			buildActionMask = 2147483647;
			files = (
				9D9784062083CBDA00D1B212 /* LaunchScreen.storyboard in Resources */,
				9D9784032083CBDA00D1B212 /* Assets.xcassets in Resources */,
				9D9784012083CBDA00D1B212 /* Main.storyboard in Resources */,
				9D9784322085DA9C00D1B212 /* mainbg.jpg in Resources */,
			);
			runOnlyForDeploymentPostprocessing = 0;
		};
		9D97840A2083CBDA00D1B212 /* Resources */ = {
			isa = PBXResourcesBuildPhase;
			buildActionMask = 2147483647;
			files = (
			);
			runOnlyForDeploymentPostprocessing = 0;
		};
		9D9784152083CBDA00D1B212 /* Resources */ = {
			isa = PBXResourcesBuildPhase;
			buildActionMask = 2147483647;
			files = (
			);
			runOnlyForDeploymentPostprocessing = 0;
		};
/* End PBXResourcesBuildPhase section */

/* Begin PBXShellScriptBuildPhase section */
		0A47E45724D5E069B443B5D2 /* [CP] Copy Pods Resources */ = {
			isa = PBXShellScriptBuildPhase;
			buildActionMask = 2147483647;
			files = (
			);
			inputPaths = (
			);
			name = "[CP] Copy Pods Resources";
			outputPaths = (
			);
			runOnlyForDeploymentPostprocessing = 0;
			shellPath = /bin/sh;
			shellScript = "\"${SRCROOT}/Pods/Target Support Files/Pods-yeni/Pods-yeni-resources.sh\"\n";
			showEnvVarsInLog = 0;
		};
		31638FDC69B75691C66B4D2B /* [CP] Embed Pods Frameworks */ = {
			isa = PBXShellScriptBuildPhase;
			buildActionMask = 2147483647;
			files = (
			);
			inputPaths = (
			);
			name = "[CP] Embed Pods Frameworks";
			outputPaths = (
			);
			runOnlyForDeploymentPostprocessing = 0;
			shellPath = /bin/sh;
			shellScript = "\"${SRCROOT}/Pods/Target Support Files/Pods-yeniTests/Pods-yeniTests-frameworks.sh\"\n";
			showEnvVarsInLog = 0;
		};
		531FE018736C1D5731314AE5 /* [CP] Embed Pods Frameworks */ = {
			isa = PBXShellScriptBuildPhase;
			buildActionMask = 2147483647;
			files = (
			);
			inputPaths = (
			);
			name = "[CP] Embed Pods Frameworks";
			outputPaths = (
			);
			runOnlyForDeploymentPostprocessing = 0;
			shellPath = /bin/sh;
			shellScript = "\"${SRCROOT}/Pods/Target Support Files/Pods-yeniUITests/Pods-yeniUITests-frameworks.sh\"\n";
			showEnvVarsInLog = 0;
		};
		555299E08CAFFBD8217DD4EC /* [CP] Copy Pods Resources */ = {
			isa = PBXShellScriptBuildPhase;
			buildActionMask = 2147483647;
			files = (
			);
			inputPaths = (
			);
			name = "[CP] Copy Pods Resources";
			outputPaths = (
			);
			runOnlyForDeploymentPostprocessing = 0;
			shellPath = /bin/sh;
			shellScript = "\"${SRCROOT}/Pods/Target Support Files/Pods-yeniTests/Pods-yeniTests-resources.sh\"\n";
			showEnvVarsInLog = 0;
		};
		5BC0B5A4F87F92E1AF20E69C /* [CP] Check Pods Manifest.lock */ = {
			isa = PBXShellScriptBuildPhase;
			buildActionMask = 2147483647;
			files = (
			);
			inputPaths = (
				"${PODS_PODFILE_DIR_PATH}/Podfile.lock",
				"${PODS_ROOT}/Manifest.lock",
			);
			name = "[CP] Check Pods Manifest.lock";
			outputPaths = (
				"$(DERIVED_FILE_DIR)/Pods-yeni-checkManifestLockResult.txt",
			);
			runOnlyForDeploymentPostprocessing = 0;
			shellPath = /bin/sh;
			shellScript = "diff \"${PODS_PODFILE_DIR_PATH}/Podfile.lock\" \"${PODS_ROOT}/Manifest.lock\" > /dev/null\nif [ $? != 0 ] ; then\n    # print error to STDERR\n    echo \"error: The sandbox is not in sync with the Podfile.lock. Run 'pod install' or update your CocoaPods installation.\" >&2\n    exit 1\nfi\n# This output is used by Xcode 'outputs' to avoid re-running this script phase.\necho \"SUCCESS\" > \"${SCRIPT_OUTPUT_FILE_0}\"\n";
			showEnvVarsInLog = 0;
		};
		893C242C0F0895A5BC98607B /* [CP] Embed Pods Frameworks */ = {
			isa = PBXShellScriptBuildPhase;
			buildActionMask = 2147483647;
			files = (
			);
			inputPaths = (
				"${SRCROOT}/Pods/Target Support Files/Pods-yeni/Pods-yeni-frameworks.sh",
				"${BUILT_PRODUCTS_DIR}/Alamofire/Alamofire.framework",
			);
			name = "[CP] Embed Pods Frameworks";
			outputPaths = (
				"${TARGET_BUILD_DIR}/${FRAMEWORKS_FOLDER_PATH}/Alamofire.framework",
			);
			runOnlyForDeploymentPostprocessing = 0;
			shellPath = /bin/sh;
			shellScript = "\"${SRCROOT}/Pods/Target Support Files/Pods-yeni/Pods-yeni-frameworks.sh\"\n";
			showEnvVarsInLog = 0;
		};
		A192E141DE74AF7EA6FCFAC3 /* [CP] Check Pods Manifest.lock */ = {
			isa = PBXShellScriptBuildPhase;
			buildActionMask = 2147483647;
			files = (
			);
			inputPaths = (
				"${PODS_PODFILE_DIR_PATH}/Podfile.lock",
				"${PODS_ROOT}/Manifest.lock",
			);
			name = "[CP] Check Pods Manifest.lock";
			outputPaths = (
				"$(DERIVED_FILE_DIR)/Pods-yeniTests-checkManifestLockResult.txt",
			);
			runOnlyForDeploymentPostprocessing = 0;
			shellPath = /bin/sh;
			shellScript = "diff \"${PODS_PODFILE_DIR_PATH}/Podfile.lock\" \"${PODS_ROOT}/Manifest.lock\" > /dev/null\nif [ $? != 0 ] ; then\n    # print error to STDERR\n    echo \"error: The sandbox is not in sync with the Podfile.lock. Run 'pod install' or update your CocoaPods installation.\" >&2\n    exit 1\nfi\n# This output is used by Xcode 'outputs' to avoid re-running this script phase.\necho \"SUCCESS\" > \"${SCRIPT_OUTPUT_FILE_0}\"\n";
			showEnvVarsInLog = 0;
		};
		AA9CA828D996AA612E2EDDA7 /* [CP] Copy Pods Resources */ = {
			isa = PBXShellScriptBuildPhase;
			buildActionMask = 2147483647;
			files = (
			);
			inputPaths = (
			);
			name = "[CP] Copy Pods Resources";
			outputPaths = (
			);
			runOnlyForDeploymentPostprocessing = 0;
			shellPath = /bin/sh;
			shellScript = "\"${SRCROOT}/Pods/Target Support Files/Pods-yeniUITests/Pods-yeniUITests-resources.sh\"\n";
			showEnvVarsInLog = 0;
		};
		F715FD34CC4D1A5740177340 /* [CP] Check Pods Manifest.lock */ = {
			isa = PBXShellScriptBuildPhase;
			buildActionMask = 2147483647;
			files = (
			);
			inputPaths = (
				"${PODS_PODFILE_DIR_PATH}/Podfile.lock",
				"${PODS_ROOT}/Manifest.lock",
			);
			name = "[CP] Check Pods Manifest.lock";
			outputPaths = (
				"$(DERIVED_FILE_DIR)/Pods-yeniUITests-checkManifestLockResult.txt",
			);
			runOnlyForDeploymentPostprocessing = 0;
			shellPath = /bin/sh;
			shellScript = "diff \"${PODS_PODFILE_DIR_PATH}/Podfile.lock\" \"${PODS_ROOT}/Manifest.lock\" > /dev/null\nif [ $? != 0 ] ; then\n    # print error to STDERR\n    echo \"error: The sandbox is not in sync with the Podfile.lock. Run 'pod install' or update your CocoaPods installation.\" >&2\n    exit 1\nfi\n# This output is used by Xcode 'outputs' to avoid re-running this script phase.\necho \"SUCCESS\" > \"${SCRIPT_OUTPUT_FILE_0}\"\n";
			showEnvVarsInLog = 0;
		};
/* End PBXShellScriptBuildPhase section */

/* Begin PBXSourcesBuildPhase section */
		9D9783F42083CBDA00D1B212 /* Sources */ = {
			isa = PBXSourcesBuildPhase;
			buildActionMask = 2147483647;
			files = (
				9D8F80402088AA8500ADA719 /* HeroViewController.swift in Sources */,
				9D9783FE2083CBDA00D1B212 /* ViewController.swift in Sources */,
				9DCDB75420875D3A007D8DD4 /* CustomCollectionViewCell.swift in Sources */,
				9D9784302083E14A00D1B212 /* HomeVC.swift in Sources */,
				9D9783FC2083CBDA00D1B212 /* AppDelegate.swift in Sources */,
				9D97842E2083E11500D1B212 /* RegisterVC.swift in Sources */,
				9D8F803E2088A60600ADA719 /* TableViewController.swift in Sources */,
				9D9784342085E47D00D1B212 /* LoginVC.swift in Sources */,
				9D8F80422088AB3F00ADA719 /* HeroStats.swift in Sources */,
			);
			runOnlyForDeploymentPostprocessing = 0;
		};
		9D9784082083CBDA00D1B212 /* Sources */ = {
			isa = PBXSourcesBuildPhase;
			buildActionMask = 2147483647;
			files = (
				9D9784112083CBDA00D1B212 /* yeniTests.swift in Sources */,
			);
			runOnlyForDeploymentPostprocessing = 0;
		};
		9D9784132083CBDA00D1B212 /* Sources */ = {
			isa = PBXSourcesBuildPhase;
			buildActionMask = 2147483647;
			files = (
				9D97841C2083CBDA00D1B212 /* yeniUITests.swift in Sources */,
			);
			runOnlyForDeploymentPostprocessing = 0;
		};
/* End PBXSourcesBuildPhase section */

/* Begin PBXTargetDependency section */
		9D97840E2083CBDA00D1B212 /* PBXTargetDependency */ = {
			isa = PBXTargetDependency;
			target = 9D9783F72083CBDA00D1B212 /* yeni */;
			targetProxy = 9D97840D2083CBDA00D1B212 /* PBXContainerItemProxy */;
		};
		9D9784192083CBDA00D1B212 /* PBXTargetDependency */ = {
			isa = PBXTargetDependency;
			target = 9D9783F72083CBDA00D1B212 /* yeni */;
			targetProxy = 9D9784182083CBDA00D1B212 /* PBXContainerItemProxy */;
		};
/* End PBXTargetDependency section */

/* Begin PBXVariantGroup section */
		9D9783FF2083CBDA00D1B212 /* Main.storyboard */ = {
			isa = PBXVariantGroup;
			children = (
				9D9784002083CBDA00D1B212 /* Base */,
			);
			name = Main.storyboard;
			sourceTree = "<group>";
		};
		9D9784042083CBDA00D1B212 /* LaunchScreen.storyboard */ = {
			isa = PBXVariantGroup;
			children = (
				9D9784052083CBDA00D1B212 /* Base */,
			);
			name = LaunchScreen.storyboard;
			sourceTree = "<group>";
		};
/* End PBXVariantGroup section */

/* Begin XCBuildConfiguration section */
		9D97841E2083CBDA00D1B212 /* Debug */ = {
			isa = XCBuildConfiguration;
			buildSettings = {
				ALWAYS_SEARCH_USER_PATHS = NO;
				CLANG_ANALYZER_NONNULL = YES;
				CLANG_ANALYZER_NUMBER_OBJECT_CONVERSION = YES_AGGRESSIVE;
				CLANG_CXX_LANGUAGE_STANDARD = "gnu++14";
				CLANG_CXX_LIBRARY = "libc++";
				CLANG_ENABLE_MODULES = YES;
				CLANG_ENABLE_OBJC_ARC = YES;
				CLANG_WARN_BLOCK_CAPTURE_AUTORELEASING = YES;
				CLANG_WARN_BOOL_CONVERSION = YES;
				CLANG_WARN_COMMA = YES;
				CLANG_WARN_CONSTANT_CONVERSION = YES;
				CLANG_WARN_DIRECT_OBJC_ISA_USAGE = YES_ERROR;
				CLANG_WARN_DOCUMENTATION_COMMENTS = YES;
				CLANG_WARN_EMPTY_BODY = YES;
				CLANG_WARN_ENUM_CONVERSION = YES;
				CLANG_WARN_INFINITE_RECURSION = YES;
				CLANG_WARN_INT_CONVERSION = YES;
				CLANG_WARN_NON_LITERAL_NULL_CONVERSION = YES;
				CLANG_WARN_OBJC_LITERAL_CONVERSION = YES;
				CLANG_WARN_OBJC_ROOT_CLASS = YES_ERROR;
				CLANG_WARN_RANGE_LOOP_ANALYSIS = YES;
				CLANG_WARN_STRICT_PROTOTYPES = YES;
				CLANG_WARN_SUSPICIOUS_MOVE = YES;
				CLANG_WARN_UNGUARDED_AVAILABILITY = YES_AGGRESSIVE;
				CLANG_WARN_UNREACHABLE_CODE = YES;
				CLANG_WARN__DUPLICATE_METHOD_MATCH = YES;
				CODE_SIGN_IDENTITY = "iPhone Developer";
				COPY_PHASE_STRIP = NO;
				DEBUG_INFORMATION_FORMAT = dwarf;
				ENABLE_STRICT_OBJC_MSGSEND = YES;
				ENABLE_TESTABILITY = YES;
				GCC_C_LANGUAGE_STANDARD = gnu11;
				GCC_DYNAMIC_NO_PIC = NO;
				GCC_NO_COMMON_BLOCKS = YES;
				GCC_OPTIMIZATION_LEVEL = 0;
				GCC_PREPROCESSOR_DEFINITIONS = (
					"DEBUG=1",
					"$(inherited)",
				);
				GCC_WARN_64_TO_32_BIT_CONVERSION = YES;
				GCC_WARN_ABOUT_RETURN_TYPE = YES_ERROR;
				GCC_WARN_UNDECLARED_SELECTOR = YES;
				GCC_WARN_UNINITIALIZED_AUTOS = YES_AGGRESSIVE;
				GCC_WARN_UNUSED_FUNCTION = YES;
				GCC_WARN_UNUSED_VARIABLE = YES;
				IPHONEOS_DEPLOYMENT_TARGET = 11.2;
				MTL_ENABLE_DEBUG_INFO = YES;
				ONLY_ACTIVE_ARCH = YES;
				SDKROOT = iphoneos;
				SWIFT_ACTIVE_COMPILATION_CONDITIONS = DEBUG;
				SWIFT_OPTIMIZATION_LEVEL = "-Onone";
			};
			name = Debug;
		};
		9D97841F2083CBDA00D1B212 /* Release */ = {
			isa = XCBuildConfiguration;
			buildSettings = {
				ALWAYS_SEARCH_USER_PATHS = NO;
				CLANG_ANALYZER_NONNULL = YES;
				CLANG_ANALYZER_NUMBER_OBJECT_CONVERSION = YES_AGGRESSIVE;
				CLANG_CXX_LANGUAGE_STANDARD = "gnu++14";
				CLANG_CXX_LIBRARY = "libc++";
				CLANG_ENABLE_MODULES = YES;
				CLANG_ENABLE_OBJC_ARC = YES;
				CLANG_WARN_BLOCK_CAPTURE_AUTORELEASING = YES;
				CLANG_WARN_BOOL_CONVERSION = YES;
				CLANG_WARN_COMMA = YES;
				CLANG_WARN_CONSTANT_CONVERSION = YES;
				CLANG_WARN_DIRECT_OBJC_ISA_USAGE = YES_ERROR;
				CLANG_WARN_DOCUMENTATION_COMMENTS = YES;
				CLANG_WARN_EMPTY_BODY = YES;
				CLANG_WARN_ENUM_CONVERSION = YES;
				CLANG_WARN_INFINITE_RECURSION = YES;
				CLANG_WARN_INT_CONVERSION = YES;
				CLANG_WARN_NON_LITERAL_NULL_CONVERSION = YES;
				CLANG_WARN_OBJC_LITERAL_CONVERSION = YES;
				CLANG_WARN_OBJC_ROOT_CLASS = YES_ERROR;
				CLANG_WARN_RANGE_LOOP_ANALYSIS = YES;
				CLANG_WARN_STRICT_PROTOTYPES = YES;
				CLANG_WARN_SUSPICIOUS_MOVE = YES;
				CLANG_WARN_UNGUARDED_AVAILABILITY = YES_AGGRESSIVE;
				CLANG_WARN_UNREACHABLE_CODE = YES;
				CLANG_WARN__DUPLICATE_METHOD_MATCH = YES;
				CODE_SIGN_IDENTITY = "iPhone Developer";
				COPY_PHASE_STRIP = NO;
				DEBUG_INFORMATION_FORMAT = "dwarf-with-dsym";
				ENABLE_NS_ASSERTIONS = NO;
				ENABLE_STRICT_OBJC_MSGSEND = YES;
				GCC_C_LANGUAGE_STANDARD = gnu11;
				GCC_NO_COMMON_BLOCKS = YES;
				GCC_WARN_64_TO_32_BIT_CONVERSION = YES;
				GCC_WARN_ABOUT_RETURN_TYPE = YES_ERROR;
				GCC_WARN_UNDECLARED_SELECTOR = YES;
				GCC_WARN_UNINITIALIZED_AUTOS = YES_AGGRESSIVE;
				GCC_WARN_UNUSED_FUNCTION = YES;
				GCC_WARN_UNUSED_VARIABLE = YES;
				IPHONEOS_DEPLOYMENT_TARGET = 11.2;
				MTL_ENABLE_DEBUG_INFO = NO;
				SDKROOT = iphoneos;
				SWIFT_OPTIMIZATION_LEVEL = "-Owholemodule";
				VALIDATE_PRODUCT = YES;
			};
			name = Release;
		};
		9D9784212083CBDA00D1B212 /* Debug */ = {
			isa = XCBuildConfiguration;
			baseConfigurationReference = 8C7EAB1B99F6A59D85A6D64A /* Pods-yeni.debug.xcconfig */;
			buildSettings = {
				ASSETCATALOG_COMPILER_APPICON_NAME = AppIcon;
				CODE_SIGN_STYLE = Automatic;
				DEVELOPMENT_TEAM = PPH8DX54BL;
				INFOPLIST_FILE = yeni/Info.plist;
				LD_RUNPATH_SEARCH_PATHS = "$(inherited) @executable_path/Frameworks";
				PRODUCT_BUNDLE_IDENTIFIER = com.kubrakilinc.yeni;
				PRODUCT_NAME = "$(TARGET_NAME)";
				SWIFT_VERSION = 4.0;
				TARGETED_DEVICE_FAMILY = "1,2";
			};
			name = Debug;
		};
		9D9784222083CBDA00D1B212 /* Release */ = {
			isa = XCBuildConfiguration;
			baseConfigurationReference = E6EB484AC05BFCE15297741E /* Pods-yeni.release.xcconfig */;
			buildSettings = {
				ASSETCATALOG_COMPILER_APPICON_NAME = AppIcon;
				CODE_SIGN_STYLE = Automatic;
				DEVELOPMENT_TEAM = PPH8DX54BL;
				INFOPLIST_FILE = yeni/Info.plist;
				LD_RUNPATH_SEARCH_PATHS = "$(inherited) @executable_path/Frameworks";
				PRODUCT_BUNDLE_IDENTIFIER = com.kubrakilinc.yeni;
				PRODUCT_NAME = "$(TARGET_NAME)";
				SWIFT_VERSION = 4.0;
				TARGETED_DEVICE_FAMILY = "1,2";
			};
			name = Release;
		};
		9D9784242083CBDA00D1B212 /* Debug */ = {
			isa = XCBuildConfiguration;
			baseConfigurationReference = BC659345F38DE4676707E2E8 /* Pods-yeniTests.debug.xcconfig */;
			buildSettings = {
				ALWAYS_EMBED_SWIFT_STANDARD_LIBRARIES = YES;
				BUNDLE_LOADER = "$(TEST_HOST)";
				CODE_SIGN_STYLE = Automatic;
				INFOPLIST_FILE = yeniTests/Info.plist;
				LD_RUNPATH_SEARCH_PATHS = "$(inherited) @executable_path/Frameworks @loader_path/Frameworks";
				PRODUCT_BUNDLE_IDENTIFIER = com.kubrakilinc.yeniTests;
				PRODUCT_NAME = "$(TARGET_NAME)";
				SWIFT_VERSION = 4.0;
				TARGETED_DEVICE_FAMILY = "1,2";
				TEST_HOST = "$(BUILT_PRODUCTS_DIR)/yeni.app/yeni";
			};
			name = Debug;
		};
		9D9784252083CBDA00D1B212 /* Release */ = {
			isa = XCBuildConfiguration;
			baseConfigurationReference = 02D7EACBA5C5F9A3E0949900 /* Pods-yeniTests.release.xcconfig */;
			buildSettings = {
				ALWAYS_EMBED_SWIFT_STANDARD_LIBRARIES = YES;
				BUNDLE_LOADER = "$(TEST_HOST)";
				CODE_SIGN_STYLE = Automatic;
				INFOPLIST_FILE = yeniTests/Info.plist;
				LD_RUNPATH_SEARCH_PATHS = "$(inherited) @executable_path/Frameworks @loader_path/Frameworks";
				PRODUCT_BUNDLE_IDENTIFIER = com.kubrakilinc.yeniTests;
				PRODUCT_NAME = "$(TARGET_NAME)";
				SWIFT_VERSION = 4.0;
				TARGETED_DEVICE_FAMILY = "1,2";
				TEST_HOST = "$(BUILT_PRODUCTS_DIR)/yeni.app/yeni";
			};
			name = Release;
		};
		9D9784272083CBDA00D1B212 /* Debug */ = {
			isa = XCBuildConfiguration;
			baseConfigurationReference = 1C7CCD8A8810999FBA64C7D7 /* Pods-yeniUITests.debug.xcconfig */;
			buildSettings = {
				ALWAYS_EMBED_SWIFT_STANDARD_LIBRARIES = YES;
				CODE_SIGN_STYLE = Automatic;
				INFOPLIST_FILE = yeniUITests/Info.plist;
				LD_RUNPATH_SEARCH_PATHS = "$(inherited) @executable_path/Frameworks @loader_path/Frameworks";
				PRODUCT_BUNDLE_IDENTIFIER = com.kubrakilinc.yeniUITests;
				PRODUCT_NAME = "$(TARGET_NAME)";
				SWIFT_VERSION = 4.0;
				TARGETED_DEVICE_FAMILY = "1,2";
				TEST_TARGET_NAME = yeni;
			};
			name = Debug;
		};
		9D9784282083CBDA00D1B212 /* Release */ = {
			isa = XCBuildConfiguration;
			baseConfigurationReference = 925DF2BB1B13606D9E82DDA9 /* Pods-yeniUITests.release.xcconfig */;
			buildSettings = {
				ALWAYS_EMBED_SWIFT_STANDARD_LIBRARIES = YES;
				CODE_SIGN_STYLE = Automatic;
				INFOPLIST_FILE = yeniUITests/Info.plist;
				LD_RUNPATH_SEARCH_PATHS = "$(inherited) @executable_path/Frameworks @loader_path/Frameworks";
				PRODUCT_BUNDLE_IDENTIFIER = com.kubrakilinc.yeniUITests;
				PRODUCT_NAME = "$(TARGET_NAME)";
				SWIFT_VERSION = 4.0;
				TARGETED_DEVICE_FAMILY = "1,2";
				TEST_TARGET_NAME = yeni;
			};
			name = Release;
		};
/* End XCBuildConfiguration section */

/* Begin XCConfigurationList section */
		9D9783F32083CBDA00D1B212 /* Build configuration list for PBXProject "yeni" */ = {
			isa = XCConfigurationList;
			buildConfigurations = (
				9D97841E2083CBDA00D1B212 /* Debug */,
				9D97841F2083CBDA00D1B212 /* Release */,
			);
			defaultConfigurationIsVisible = 0;
			defaultConfigurationName = Release;
		};
		9D9784202083CBDA00D1B212 /* Build configuration list for PBXNativeTarget "yeni" */ = {
			isa = XCConfigurationList;
			buildConfigurations = (
				9D9784212083CBDA00D1B212 /* Debug */,
				9D9784222083CBDA00D1B212 /* Release */,
			);
			defaultConfigurationIsVisible = 0;
			defaultConfigurationName = Release;
		};
		9D9784232083CBDA00D1B212 /* Build configuration list for PBXNativeTarget "yeniTests" */ = {
			isa = XCConfigurationList;
			buildConfigurations = (
				9D9784242083CBDA00D1B212 /* Debug */,
				9D9784252083CBDA00D1B212 /* Release */,
			);
			defaultConfigurationIsVisible = 0;
			defaultConfigurationName = Release;
		};
		9D9784262083CBDA00D1B212 /* Build configuration list for PBXNativeTarget "yeniUITests" */ = {
			isa = XCConfigurationList;
			buildConfigurations = (
				9D9784272083CBDA00D1B212 /* Debug */,
				9D9784282083CBDA00D1B212 /* Release */,
			);
			defaultConfigurationIsVisible = 0;
			defaultConfigurationName = Release;
		};
/* End XCConfigurationList section */
	};
	rootObject = 9D9783F02083CBDA00D1B212 /* Project object */;
}
